
Microsoft Visual Studio Solution File, Format Version 12.00
# Visual Studio 15
Project("{FAE04EC0-301F-11D3-BF4B-00C04F79EFBC}") = "UnityEngine.TestRunner", "UnityEngine.TestRunner.csproj", "{2C5FDF88-1D91-3706-3117-31392B27384A}"
EndProject
Project("{FAE04EC0-301F-11D3-BF4B-00C04F79EFBC}") = "Unity.Mathematics", "Unity.Mathematics.csproj", "{C73463D2-46E5-536C-B19D-B52FB65BED4A}"
EndProject
Project("{FAE04EC0-301F-11D3-BF4B-00C04F79EFBC}") = "Unity.2D.Animation.Triangle.Runtime", "Unity.2D.Animation.Triangle.Runtime.csproj", "{DE594DEB-8822-D333-B2C4-EDDF6DF5775B}"
EndProject
Project("{FAE04EC0-301F-11D3-BF4B-00C04F79EFBC}") = "Unity.Timeline", "Unity.Timeline.csproj", "{7F00C985-EF8D-101D-A17E-53C7BE4648E1}"
EndProject
Project("{FAE04EC0-301F-11D3-BF4B-00C04F79EFBC}") = "UnityEngine.UI", "UnityEngine.UI.csproj", "{37239A37-D22C-B686-28B2-9EBC5C31D2C5}"
EndProject
Project("{FAE04EC0-301F-11D3-BF4B-00C04F79EFBC}") = "Unity.TextMeshPro", "Unity.TextMeshPro.csproj", "{9B49464C-9969-CBE2-9E09-FEB4B8B20157}"
EndProject
Project("{FAE04EC0-301F-11D3-BF4B-00C04F79EFBC}") = "Unity.2D.Animation.Runtime", "Unity.2D.Animation.Runtime.csproj", "{EB8EE20A-FEAC-8858-CA5D-0A5D361481FB}"
EndProject
Project("{FAE04EC0-301F-11D3-BF4B-00C04F79EFBC}") = "Unity.2D.IK.Runtime", "Unity.2D.IK.Runtime.csproj", "{E0B81784-1094-063C-3AE0-5C7B936F2BFD}"
EndProject
Project("{FAE04EC0-301F-11D3-BF4B-00C04F79EFBC}") = "Unity.2D.SpriteShape.Runtime", "Unity.2D.SpriteShape.Runtime.csproj", "{E3C765DC-0E18-1028-C782-782BFCDCFD93}"
EndProject
Project("{FAE04EC0-301F-11D3-BF4B-00C04F79EFBC}") = "Assembly-CSharp", "Assembly-CSharp.csproj", "{05090A8B-474F-7EDF-D9CF-CB50927A2835}"
EndProject
Project("{FAE04EC0-301F-11D3-BF4B-00C04F79EFBC}") = "Unity.2D.PixelPerfect", "Unity.2D.PixelPerfect.csproj", "{6F6441A2-4ABD-F4C7-AD54-ED179F9BA783}"
EndProject
Project("{FAE04EC0-301F-11D3-BF4B-00C04F79EFBC}") = "Unity.2D.Common.Runtime", "Unity.2D.Common.Runtime.csproj", "{A125EA44-5053-102C-2D0E-4E7B7E560FA0}"
EndProject
Project("{FAE04EC0-301F-11D3-BF4B-00C04F79EFBC}") = "Unity.InternalAPIEngineBridge.001", "Unity.InternalAPIEngineBridge.001.csproj", "{4367AD8E-5D3A-A914-01A6-71354832B5FD}"
EndProject
Project("{FAE04EC0-301F-11D3-BF4B-00C04F79EFBC}") = "UnityEditor.TestRunner", "UnityEditor.TestRunner.csproj", "{C1E376E9-132B-E5DD-52F3-E99C12132B4D}"
EndProject
Project("{FAE04EC0-301F-11D3-BF4B-00C04F79EFBC}") = "Unity.PlasticSCM.Editor", "Unity.PlasticSCM.Editor.csproj", "{B7B0BE86-997F-295A-3BFE-CA355AE7F344}"
EndProject
Project("{FAE04EC0-301F-11D3-BF4B-00C04F79EFBC}") = "UnityEditor.UI", "UnityEditor.UI.csproj", "{13EF720C-3E4E-B0DF-70CD-0541DA1EE1D3}"
EndProject
Project("{FAE04EC0-301F-11D3-BF4B-00C04F79EFBC}") = "Unity.Services.Core.Editor", "Unity.Services.Core.Editor.csproj", "{F3AF7802-9E2E-896E-B40E-8A65B947B93F}"
EndProject
Project("{FAE04EC0-301F-11D3-BF4B-00C04F79EFBC}") = "Unity.Timeline.Editor", "Unity.Timeline.Editor.csproj", "{C994A255-4387-C6FD-293B-3040B21D2A9C}"
EndProject
Project("{FAE04EC0-301F-11D3-BF4B-00C04F79EFBC}") = "Unity.VisualStudio.Editor", "Unity.VisualStudio.Editor.csproj", "{50D0F7FB-4324-FC9C-B14A-A4F032BBA306}"
EndProject
Project("{FAE04EC0-301F-11D3-BF4B-00C04F79EFBC}") = "Unity.2D.Psdimporter.Editor", "Unity.2D.Psdimporter.Editor.csproj", "{6FD5CF61-AD1D-2A6F-D902-549426DDB53D}"
EndProject
Project("{FAE04EC0-301F-11D3-BF4B-00C04F79EFBC}") = "Unity.2D.Animation.Editor", "Unity.2D.Animation.Editor.csproj", "{26A5E0B9-D31F-FF04-1DFF-CFD59534FC4B}"
EndProject
Project("{FAE04EC0-301F-11D3-BF4B-00C04F79EFBC}") = "Unity.TextMeshPro.Editor", "Unity.TextMeshPro.Editor.csproj", "{EB021DDA-FBB2-2058-C79E-563305FE50A5}"
EndProject
Project("{FAE04EC0-301F-11D3-BF4B-00C04F79EFBC}") = "Unity.2D.SpriteShape.Editor", "Unity.2D.SpriteShape.Editor.csproj", "{BD5C96B3-FA4C-92BD-B58C-D2E28682CA37}"
EndProject
Project("{FAE04EC0-301F-11D3-BF4B-00C04F79EFBC}") = "Unity.CollabProxy.Editor", "Unity.CollabProxy.Editor.csproj", "{A947C784-625F-359B-27DB-4BDE2B51BA01}"
EndProject
Project("{FAE04EC0-301F-11D3-BF4B-00C04F79EFBC}") = "PsdPlugin", "PsdPlugin.csproj", "{77949F1C-199C-904E-6677-FB5504580D37}"
EndProject
Project("{FAE04EC0-301F-11D3-BF4B-00C04F79EFBC}") = "Unity.2D.Path.Editor", "Unity.2D.Path.Editor.csproj", "{EC52E527-C197-CE2A-4E07-65E4D6DEF00B}"
EndProject
Project("{FAE04EC0-301F-11D3-BF4B-00C04F79EFBC}") = "Unity.Rider.Editor", "Unity.Rider.Editor.csproj", "{3A49D663-2CF7-B9C8-795E-17C3B2B14BFB}"
EndProject
Project("{FAE04EC0-301F-11D3-BF4B-00C04F79EFBC}") = "Unity.2D.IK.Editor", "Unity.2D.IK.Editor.csproj", "{8F4DA998-88E6-5081-A03F-F793A8F4D386}"
EndProject
Project("{FAE04EC0-301F-11D3-BF4B-00C04F79EFBC}") = "Unity.2D.Sprite.Editor", "Unity.2D.Sprite.Editor.csproj", "{07943747-7A4C-F724-E2A2-0834961CD63F}"
EndProject
Project("{FAE04EC0-301F-11D3-BF4B-00C04F79EFBC}") = "Unity.2D.Tilemap.Editor", "Unity.2D.Tilemap.Editor.csproj", "{1EBFDA90-E6B2-0479-9441-302988AA6381}"
EndProject
Project("{FAE04EC0-301F-11D3-BF4B-00C04F79EFBC}") = "Unity.2D.PixelPerfect.Editor", "Unity.2D.PixelPerfect.Editor.csproj", "{C7992067-CBDD-1518-39EB-96BFC7F2AA9B}"
EndProject
Project("{FAE04EC0-301F-11D3-BF4B-00C04F79EFBC}") = "Unity.VSCode.Editor", "Unity.VSCode.Editor.csproj", "{18EF9783-031A-4F83-8A8F-32B390D7FDAF}"
EndProject
Project("{FAE04EC0-301F-11D3-BF4B-00C04F79EFBC}") = "Unity.2D.Common.Editor", "Unity.2D.Common.Editor.csproj", "{BEED6A31-73AC-A6D0-DD00-468E2DEA8AAE}"
EndProject
Project("{FAE04EC0-301F-11D3-BF4B-00C04F79EFBC}") = "Unity.Mathematics.Editor", "Unity.Mathematics.Editor.csproj", "{EF06EC7E-9151-F6BD-8980-73AA2DF92C71}"
EndProject
Project("{FAE04EC0-301F-11D3-BF4B-00C04F79EFBC}") = "Unity.InternalAPIEditorBridge.001", "Unity.InternalAPIEditorBridge.001.csproj", "{48797702-F708-3A92-79AB-31EFCD731990}"
EndProject
Project("{FAE04EC0-301F-11D3-BF4B-00C04F79EFBC}") = "UnityEngine.TestRunner", "UnityEngine.TestRunner.Player.csproj", "{110FB94D-E2AB-0FEB-DD38-95562DFB8C70}"
EndProject
Project("{FAE04EC0-301F-11D3-BF4B-00C04F79EFBC}") = "Unity.Mathematics", "Unity.Mathematics.Player.csproj", "{0C94022E-DDF6-5B0F-12A4-C5FE77161416}"
EndProject
Project("{FAE04EC0-301F-11D3-BF4B-00C04F79EFBC}") = "Unity.2D.Animation.Triangle.Runtime", "Unity.2D.Animation.Triangle.Runtime.Player.csproj", "{0D286748-4CC1-D2AE-3B0D-282AFFDCC806}"
EndProject
Project("{FAE04EC0-301F-11D3-BF4B-00C04F79EFBC}") = "Unity.Timeline", "Unity.Timeline.Player.csproj", "{A5707FC9-5D17-7DD0-4B10-941735CB14A2}"
EndProject
Project("{FAE04EC0-301F-11D3-BF4B-00C04F79EFBC}") = "UnityEngine.UI", "UnityEngine.UI.Player.csproj", "{5F9069A1-F38F-3183-5617-1E7A5C220E0D}"
EndProject
Project("{FAE04EC0-301F-11D3-BF4B-00C04F79EFBC}") = "Unity.TextMeshPro", "Unity.TextMeshPro.Player.csproj", "{41BE352A-F673-1C34-EFCF-4B28FCAF8866}"
EndProject
Project("{FAE04EC0-301F-11D3-BF4B-00C04F79EFBC}") = "Unity.2D.Animation.Runtime", "Unity.2D.Animation.Runtime.Player.csproj", "{5E21953B-D949-CF96-6DA4-69027EEAAA5B}"
EndProject
Project("{FAE04EC0-301F-11D3-BF4B-00C04F79EFBC}") = "Unity.2D.IK.Runtime", "Unity.2D.IK.Runtime.Player.csproj", "{0999766A-5BC9-78F3-1344-578244FA31C1}"
EndProject
Project("{FAE04EC0-301F-11D3-BF4B-00C04F79EFBC}") = "Unity.2D.SpriteShape.Runtime", "Unity.2D.SpriteShape.Runtime.Player.csproj", "{25783762-E304-414D-2A6A-998C8AC0DFB4}"
EndProject
Project("{FAE04EC0-301F-11D3-BF4B-00C04F79EFBC}") = "Assembly-CSharp", "Assembly-CSharp.Player.csproj", "{401CEBA5-BE20-1876-5565-460D7E3F4755}"
EndProject
Project("{FAE04EC0-301F-11D3-BF4B-00C04F79EFBC}") = "Unity.2D.PixelPerfect", "Unity.2D.PixelPerfect.Player.csproj", "{1394A259-8D30-995B-763D-841241368200}"
EndProject
Project("{FAE04EC0-301F-11D3-BF4B-00C04F79EFBC}") = "Unity.2D.Common.Runtime", "Unity.2D.Common.Runtime.Player.csproj", "{A3D747F5-F902-7720-80C8-91890AFE33B7}"
EndProject
Project("{FAE04EC0-301F-11D3-BF4B-00C04F79EFBC}") = "Unity.InternalAPIEngineBridge.001", "Unity.InternalAPIEngineBridge.001.Player.csproj", "{C0961AEF-DF79-F257-88E3-8A67FAF19CBE}"
EndProject
Global
	GlobalSection(SolutionConfigurationPlatforms) = preSolution
		Debug|Any CPU = Debug|Any CPU
		Release|Any CPU = Release|Any CPU
	EndGlobalSection
	GlobalSection(ProjectConfigurationPlatforms) = postSolution
		{2C5FDF88-1D91-3706-3117-31392B27384A}.Debug|Any CPU.ActiveCfg = Debug|Any CPU
		{2C5FDF88-1D91-3706-3117-31392B27384A}.Debug|Any CPU.Build.0 = Debug|Any CPU
		{2C5FDF88-1D91-3706-3117-31392B27384A}.Release|Any CPU.ActiveCfg = Release|Any CPU
		{2C5FDF88-1D91-3706-3117-31392B27384A}.Release|Any CPU.Build.0 = Release|Any CPU
		{C73463D2-46E5-536C-B19D-B52FB65BED4A}.Debug|Any CPU.ActiveCfg = Debug|Any CPU
		{C73463D2-46E5-536C-B19D-B52FB65BED4A}.Debug|Any CPU.Build.0 = Debug|Any CPU
		{C73463D2-46E5-536C-B19D-B52FB65BED4A}.Release|Any CPU.ActiveCfg = Release|Any CPU
		{C73463D2-46E5-536C-B19D-B52FB65BED4A}.Release|Any CPU.Build.0 = Release|Any CPU
		{DE594DEB-8822-D333-B2C4-EDDF6DF5775B}.Debug|Any CPU.ActiveCfg = Debug|Any CPU
		{DE594DEB-8822-D333-B2C4-EDDF6DF5775B}.Debug|Any CPU.Build.0 = Debug|Any CPU
		{DE594DEB-8822-D333-B2C4-EDDF6DF5775B}.Release|Any CPU.ActiveCfg = Release|Any CPU
		{DE594DEB-8822-D333-B2C4-EDDF6DF5775B}.Release|Any CPU.Build.0 = Release|Any CPU
		{7F00C985-EF8D-101D-A17E-53C7BE4648E1}.Debug|Any CPU.ActiveCfg = Debug|Any CPU
		{7F00C985-EF8D-101D-A17E-53C7BE4648E1}.Debug|Any CPU.Build.0 = Debug|Any CPU
		{7F00C985-EF8D-101D-A17E-53C7BE4648E1}.Release|Any CPU.ActiveCfg = Release|Any CPU
		{7F00C985-EF8D-101D-A17E-53C7BE4648E1}.Release|Any CPU.Build.0 = Release|Any CPU
		{37239A37-D22C-B686-28B2-9EBC5C31D2C5}.Debug|Any CPU.ActiveCfg = Debug|Any CPU
		{37239A37-D22C-B686-28B2-9EBC5C31D2C5}.Debug|Any CPU.Build.0 = Debug|Any CPU
		{37239A37-D22C-B686-28B2-9EBC5C31D2C5}.Release|Any CPU.ActiveCfg = Release|Any CPU
		{37239A37-D22C-B686-28B2-9EBC5C31D2C5}.Release|Any CPU.Build.0 = Release|Any CPU
		{9B49464C-9969-CBE2-9E09-FEB4B8B20157}.Debug|Any CPU.ActiveCfg = Debug|Any CPU
		{9B49464C-9969-CBE2-9E09-FEB4B8B20157}.Debug|Any CPU.Build.0 = Debug|Any CPU
		{9B49464C-9969-CBE2-9E09-FEB4B8B20157}.Release|Any CPU.ActiveCfg = Release|Any CPU
		{9B49464C-9969-CBE2-9E09-FEB4B8B20157}.Release|Any CPU.Build.0 = Release|Any CPU
		{EB8EE20A-FEAC-8858-CA5D-0A5D361481FB}.Debug|Any CPU.ActiveCfg = Debug|Any CPU
		{EB8EE20A-FEAC-8858-CA5D-0A5D361481FB}.Debug|Any CPU.Build.0 = Debug|Any CPU
		{EB8EE20A-FEAC-8858-CA5D-0A5D361481FB}.Release|Any CPU.ActiveCfg = Release|Any CPU
		{EB8EE20A-FEAC-8858-CA5D-0A5D361481FB}.Release|Any CPU.Build.0 = Release|Any CPU
		{E0B81784-1094-063C-3AE0-5C7B936F2BFD}.Debug|Any CPU.ActiveCfg = Debug|Any CPU
		{E0B81784-1094-063C-3AE0-5C7B936F2BFD}.Debug|Any CPU.Build.0 = Debug|Any CPU
		{E0B81784-1094-063C-3AE0-5C7B936F2BFD}.Release|Any CPU.ActiveCfg = Release|Any CPU
		{E0B81784-1094-063C-3AE0-5C7B936F2BFD}.Release|Any CPU.Build.0 = Release|Any CPU
		{E3C765DC-0E18-1028-C782-782BFCDCFD93}.Debug|Any CPU.ActiveCfg = Debug|Any CPU
		{E3C765DC-0E18-1028-C782-782BFCDCFD93}.Debug|Any CPU.Build.0 = Debug|Any CPU
		{E3C765DC-0E18-1028-C782-782BFCDCFD93}.Release|Any CPU.ActiveCfg = Release|Any CPU
		{E3C765DC-0E18-1028-C782-782BFCDCFD93}.Release|Any CPU.Build.0 = Release|Any CPU
		{05090A8B-474F-7EDF-D9CF-CB50927A2835}.Debug|Any CPU.ActiveCfg = Debug|Any CPU
		{05090A8B-474F-7EDF-D9CF-CB50927A2835}.Debug|Any CPU.Build.0 = Debug|Any CPU
		{05090A8B-474F-7EDF-D9CF-CB50927A2835}.Release|Any CPU.ActiveCfg = Release|Any CPU
		{05090A8B-474F-7EDF-D9CF-CB50927A2835}.Release|Any CPU.Build.0 = Release|Any CPU
		{6F6441A2-4ABD-F4C7-AD54-ED179F9BA783}.Debug|Any CPU.ActiveCfg = Debug|Any CPU
		{6F6441A2-4ABD-F4C7-AD54-ED179F9BA783}.Debug|Any CPU.Build.0 = Debug|Any CPU
		{6F6441A2-4ABD-F4C7-AD54-ED179F9BA783}.Release|Any CPU.ActiveCfg = Release|Any CPU
		{6F6441A2-4ABD-F4C7-AD54-ED179F9BA783}.Release|Any CPU.Build.0 = Release|Any CPU
		{A125EA44-5053-102C-2D0E-4E7B7E560FA0}.Debug|Any CPU.ActiveCfg = Debug|Any CPU
		{A125EA44-5053-102C-2D0E-4E7B7E560FA0}.Debug|Any CPU.Build.0 = Debug|Any CPU
		{A125EA44-5053-102C-2D0E-4E7B7E560FA0}.Release|Any CPU.ActiveCfg = Release|Any CPU
		{A125EA44-5053-102C-2D0E-4E7B7E560FA0}.Release|Any CPU.Build.0 = Release|Any CPU
		{4367AD8E-5D3A-A914-01A6-71354832B5FD}.Debug|Any CPU.ActiveCfg = Debug|Any CPU
		{4367AD8E-5D3A-A914-01A6-71354832B5FD}.Debug|Any CPU.Build.0 = Debug|Any CPU
		{4367AD8E-5D3A-A914-01A6-71354832B5FD}.Release|Any CPU.ActiveCfg = Release|Any CPU
		{4367AD8E-5D3A-A914-01A6-71354832B5FD}.Release|Any CPU.Build.0 = Release|Any CPU
		{C1E376E9-132B-E5DD-52F3-E99C12132B4D}.Debug|Any CPU.ActiveCfg = Debug|Any CPU
		{C1E376E9-132B-E5DD-52F3-E99C12132B4D}.Debug|Any CPU.Build.0 = Debug|Any CPU
		{C1E376E9-132B-E5DD-52F3-E99C12132B4D}.Release|Any CPU.ActiveCfg = Release|Any CPU
		{C1E376E9-132B-E5DD-52F3-E99C12132B4D}.Release|Any CPU.Build.0 = Release|Any CPU
		{B7B0BE86-997F-295A-3BFE-CA355AE7F344}.Debug|Any CPU.ActiveCfg = Debug|Any CPU
		{B7B0BE86-997F-295A-3BFE-CA355AE7F344}.Debug|Any CPU.Build.0 = Debug|Any CPU
		{B7B0BE86-997F-295A-3BFE-CA355AE7F344}.Release|Any CPU.ActiveCfg = Release|Any CPU
		{B7B0BE86-997F-295A-3BFE-CA355AE7F344}.Release|Any CPU.Build.0 = Release|Any CPU
		{13EF720C-3E4E-B0DF-70CD-0541DA1EE1D3}.Debug|Any CPU.ActiveCfg = Debug|Any CPU
		{13EF720C-3E4E-B0DF-70CD-0541DA1EE1D3}.Debug|Any CPU.Build.0 = Debug|Any CPU
		{13EF720C-3E4E-B0DF-70CD-0541DA1EE1D3}.Release|Any CPU.ActiveCfg = Release|Any CPU
		{13EF720C-3E4E-B0DF-70CD-0541DA1EE1D3}.Release|Any CPU.Build.0 = Release|Any CPU
		{F3AF7802-9E2E-896E-B40E-8A65B947B93F}.Debug|Any CPU.ActiveCfg = Debug|Any CPU
		{F3AF7802-9E2E-896E-B40E-8A65B947B93F}.Debug|Any CPU.Build.0 = Debug|Any CPU
		{F3AF7802-9E2E-896E-B40E-8A65B947B93F}.Release|Any CPU.ActiveCfg = Release|Any CPU
		{F3AF7802-9E2E-896E-B40E-8A65B947B93F}.Release|Any CPU.Build.0 = Release|Any CPU
		{C994A255-4387-C6FD-293B-3040B21D2A9C}.Debug|Any CPU.ActiveCfg = Debug|Any CPU
		{C994A255-4387-C6FD-293B-3040B21D2A9C}.Debug|Any CPU.Build.0 = Debug|Any CPU
		{C994A255-4387-C6FD-293B-3040B21D2A9C}.Release|Any CPU.ActiveCfg = Release|Any CPU
		{C994A255-4387-C6FD-293B-3040B21D2A9C}.Release|Any CPU.Build.0 = Release|Any CPU
		{50D0F7FB-4324-FC9C-B14A-A4F032BBA306}.Debug|Any CPU.ActiveCfg = Debug|Any CPU
		{50D0F7FB-4324-FC9C-B14A-A4F032BBA306}.Debug|Any CPU.Build.0 = Debug|Any CPU
		{50D0F7FB-4324-FC9C-B14A-A4F032BBA306}.Release|Any CPU.ActiveCfg = Release|Any CPU
		{50D0F7FB-4324-FC9C-B14A-A4F032BBA306}.Release|Any CPU.Build.0 = Release|Any CPU
		{6FD5CF61-AD1D-2A6F-D902-549426DDB53D}.Debug|Any CPU.ActiveCfg = Debug|Any CPU
		{6FD5CF61-AD1D-2A6F-D902-549426DDB53D}.Debug|Any CPU.Build.0 = Debug|Any CPU
		{6FD5CF61-AD1D-2A6F-D902-549426DDB53D}.Release|Any CPU.ActiveCfg = Release|Any CPU
		{6FD5CF61-AD1D-2A6F-D902-549426DDB53D}.Release|Any CPU.Build.0 = Release|Any CPU
		{26A5E0B9-D31F-FF04-1DFF-CFD59534FC4B}.Debug|Any CPU.ActiveCfg = Debug|Any CPU
		{26A5E0B9-D31F-FF04-1DFF-CFD59534FC4B}.Debug|Any CPU.Build.0 = Debug|Any CPU
		{26A5E0B9-D31F-FF04-1DFF-CFD59534FC4B}.Release|Any CPU.ActiveCfg = Release|Any CPU
		{26A5E0B9-D31F-FF04-1DFF-CFD59534FC4B}.Release|Any CPU.Build.0 = Release|Any CPU
		{EB021DDA-FBB2-2058-C79E-563305FE50A5}.Debug|Any CPU.ActiveCfg = Debug|Any CPU
		{EB021DDA-FBB2-2058-C79E-563305FE50A5}.Debug|Any CPU.Build.0 = Debug|Any CPU
		{EB021DDA-FBB2-2058-C79E-563305FE50A5}.Release|Any CPU.ActiveCfg = Release|Any CPU
		{EB021DDA-FBB2-2058-C79E-563305FE50A5}.Release|Any CPU.Build.0 = Release|Any CPU
		{BD5C96B3-FA4C-92BD-B58C-D2E28682CA37}.Debug|Any CPU.ActiveCfg = Debug|Any CPU
		{BD5C96B3-FA4C-92BD-B58C-D2E28682CA37}.Debug|Any CPU.Build.0 = Debug|Any CPU
		{BD5C96B3-FA4C-92BD-B58C-D2E28682CA37}.Release|Any CPU.ActiveCfg = Release|Any CPU
		{BD5C96B3-FA4C-92BD-B58C-D2E28682CA37}.Release|Any CPU.Build.0 = Release|Any CPU
		{A947C784-625F-359B-27DB-4BDE2B51BA01}.Debug|Any CPU.ActiveCfg = Debug|Any CPU
		{A947C784-625F-359B-27DB-4BDE2B51BA01}.Debug|Any CPU.Build.0 = Debug|Any CPU
		{A947C784-625F-359B-27DB-4BDE2B51BA01}.Release|Any CPU.ActiveCfg = Release|Any CPU
		{A947C784-625F-359B-27DB-4BDE2B51BA01}.Release|Any CPU.Build.0 = Release|Any CPU
		{77949F1C-199C-904E-6677-FB5504580D37}.Debug|Any CPU.ActiveCfg = Debug|Any CPU
		{77949F1C-199C-904E-6677-FB5504580D37}.Debug|Any CPU.Build.0 = Debug|Any CPU
		{77949F1C-199C-904E-6677-FB5504580D37}.Release|Any CPU.ActiveCfg = Release|Any CPU
		{77949F1C-199C-904E-6677-FB5504580D37}.Release|Any CPU.Build.0 = Release|Any CPU
		{EC52E527-C197-CE2A-4E07-65E4D6DEF00B}.Debug|Any CPU.ActiveCfg = Debug|Any CPU
		{EC52E527-C197-CE2A-4E07-65E4D6DEF00B}.Debug|Any CPU.Build.0 = Debug|Any CPU
		{EC52E527-C197-CE2A-4E07-65E4D6DEF00B}.Release|Any CPU.ActiveCfg = Release|Any CPU
		{EC52E527-C197-CE2A-4E07-65E4D6DEF00B}.Release|Any CPU.Build.0 = Release|Any CPU
		{3A49D663-2CF7-B9C8-795E-17C3B2B14BFB}.Debug|Any CPU.ActiveCfg = Debug|Any CPU
		{3A49D663-2CF7-B9C8-795E-17C3B2B14BFB}.Debug|Any CPU.Build.0 = Debug|Any CPU
		{3A49D663-2CF7-B9C8-795E-17C3B2B14BFB}.Release|Any CPU.ActiveCfg = Release|Any CPU
		{3A49D663-2CF7-B9C8-795E-17C3B2B14BFB}.Release|Any CPU.Build.0 = Release|Any CPU
		{8F4DA998-88E6-5081-A03F-F793A8F4D386}.Debug|Any CPU.ActiveCfg = Debug|Any CPU
		{8F4DA998-88E6-5081-A03F-F793A8F4D386}.Debug|Any CPU.Build.0 = Debug|Any CPU
		{8F4DA998-88E6-5081-A03F-F793A8F4D386}.Release|Any CPU.ActiveCfg = Release|Any CPU
		{8F4DA998-88E6-5081-A03F-F793A8F4D386}.Release|Any CPU.Build.0 = Release|Any CPU
		{07943747-7A4C-F724-E2A2-0834961CD63F}.Debug|Any CPU.ActiveCfg = Debug|Any CPU
		{07943747-7A4C-F724-E2A2-0834961CD63F}.Debug|Any CPU.Build.0 = Debug|Any CPU
		{07943747-7A4C-F724-E2A2-0834961CD63F}.Release|Any CPU.ActiveCfg = Release|Any CPU
		{07943747-7A4C-F724-E2A2-0834961CD63F}.Release|Any CPU.Build.0 = Release|Any CPU
		{1EBFDA90-E6B2-0479-9441-302988AA6381}.Debug|Any CPU.ActiveCfg = Debug|Any CPU
		{1EBFDA90-E6B2-0479-9441-302988AA6381}.Debug|Any CPU.Build.0 = Debug|Any CPU
		{1EBFDA90-E6B2-0479-9441-302988AA6381}.Release|Any CPU.ActiveCfg = Release|Any CPU
		{1EBFDA90-E6B2-0479-9441-302988AA6381}.Release|Any CPU.Build.0 = Release|Any CPU
		{C7992067-CBDD-1518-39EB-96BFC7F2AA9B}.Debug|Any CPU.ActiveCfg = Debug|Any CPU
		{C7992067-CBDD-1518-39EB-96BFC7F2AA9B}.Debug|Any CPU.Build.0 = Debug|Any CPU
		{C7992067-CBDD-1518-39EB-96BFC7F2AA9B}.Release|Any CPU.ActiveCfg = Release|Any CPU
		{C7992067-CBDD-1518-39EB-96BFC7F2AA9B}.Release|Any CPU.Build.0 = Release|Any CPU
		{18EF9783-031A-4F83-8A8F-32B390D7FDAF}.Debug|Any CPU.ActiveCfg = Debug|Any CPU
		{18EF9783-031A-4F83-8A8F-32B390D7FDAF}.Debug|Any CPU.Build.0 = Debug|Any CPU
		{18EF9783-031A-4F83-8A8F-32B390D7FDAF}.Release|Any CPU.ActiveCfg = Release|Any CPU
		{18EF9783-031A-4F83-8A8F-32B390D7FDAF}.Release|Any CPU.Build.0 = Release|Any CPU
		{BEED6A31-73AC-A6D0-DD00-468E2DEA8AAE}.Debug|Any CPU.ActiveCfg = Debug|Any CPU
		{BEED6A31-73AC-A6D0-DD00-468E2DEA8AAE}.Debug|Any CPU.Build.0 = Debug|Any CPU
		{BEED6A31-73AC-A6D0-DD00-468E2DEA8AAE}.Release|Any CPU.ActiveCfg = Release|Any CPU
		{BEED6A31-73AC-A6D0-DD00-468E2DEA8AAE}.Release|Any CPU.Build.0 = Release|Any CPU
		{EF06EC7E-9151-F6BD-8980-73AA2DF92C71}.Debug|Any CPU.ActiveCfg = Debug|Any CPU
		{EF06EC7E-9151-F6BD-8980-73AA2DF92C71}.Debug|Any CPU.Build.0 = Debug|Any CPU
		{EF06EC7E-9151-F6BD-8980-73AA2DF92C71}.Release|Any CPU.ActiveCfg = Release|Any CPU
		{EF06EC7E-9151-F6BD-8980-73AA2DF92C71}.Release|Any CPU.Build.0 = Release|Any CPU
		{48797702-F708-3A92-79AB-31EFCD731990}.Debug|Any CPU.ActiveCfg = Debug|Any CPU
		{48797702-F708-3A92-79AB-31EFCD731990}.Debug|Any CPU.Build.0 = Debug|Any CPU
		{48797702-F708-3A92-79AB-31EFCD731990}.Release|Any CPU.ActiveCfg = Release|Any CPU
		{48797702-F708-3A92-79AB-31EFCD731990}.Release|Any CPU.Build.0 = Release|Any CPU
		{110FB94D-E2AB-0FEB-DD38-95562DFB8C70}.Debug|Any CPU.ActiveCfg = Debug|Any CPU
		{110FB94D-E2AB-0FEB-DD38-95562DFB8C70}.Debug|Any CPU.Build.0 = Debug|Any CPU
		{110FB94D-E2AB-0FEB-DD38-95562DFB8C70}.Release|Any CPU.ActiveCfg = Release|Any CPU
		{110FB94D-E2AB-0FEB-DD38-95562DFB8C70}.Release|Any CPU.Build.0 = Release|Any CPU
		{0C94022E-DDF6-5B0F-12A4-C5FE77161416}.Debug|Any CPU.ActiveCfg = Debug|Any CPU
		{0C94022E-DDF6-5B0F-12A4-C5FE77161416}.Debug|Any CPU.Build.0 = Debug|Any CPU
		{0C94022E-DDF6-5B0F-12A4-C5FE77161416}.Release|Any CPU.ActiveCfg = Release|Any CPU
		{0C94022E-DDF6-5B0F-12A4-C5FE77161416}.Release|Any CPU.Build.0 = Release|Any CPU
		{0D286748-4CC1-D2AE-3B0D-282AFFDCC806}.Debug|Any CPU.ActiveCfg = Debug|Any CPU
		{0D286748-4CC1-D2AE-3B0D-282AFFDCC806}.Debug|Any CPU.Build.0 = Debug|Any CPU
		{0D286748-4CC1-D2AE-3B0D-282AFFDCC806}.Release|Any CPU.ActiveCfg = Release|Any CPU
		{0D286748-4CC1-D2AE-3B0D-282AFFDCC806}.Release|Any CPU.Build.0 = Release|Any CPU
		{A5707FC9-5D17-7DD0-4B10-941735CB14A2}.Debug|Any CPU.ActiveCfg = Debug|Any CPU
		{A5707FC9-5D17-7DD0-4B10-941735CB14A2}.Debug|Any CPU.Build.0 = Debug|Any CPU
		{A5707FC9-5D17-7DD0-4B10-941735CB14A2}.Release|Any CPU.ActiveCfg = Release|Any CPU
		{A5707FC9-5D17-7DD0-4B10-941735CB14A2}.Release|Any CPU.Build.0 = Release|Any CPU
		{5F9069A1-F38F-3183-5617-1E7A5C220E0D}.Debug|Any CPU.ActiveCfg = Debug|Any CPU
		{5F9069A1-F38F-3183-5617-1E7A5C220E0D}.Debug|Any CPU.Build.0 = Debug|Any CPU
		{5F9069A1-F38F-3183-5617-1E7A5C220E0D}.Release|Any CPU.ActiveCfg = Release|Any CPU
		{5F9069A1-F38F-3183-5617-1E7A5C220E0D}.Release|Any CPU.Build.0 = Release|Any CPU
		{41BE352A-F673-1C34-EFCF-4B28FCAF8866}.Debug|Any CPU.ActiveCfg = Debug|Any CPU
		{41BE352A-F673-1C34-EFCF-4B28FCAF8866}.Debug|Any CPU.Build.0 = Debug|Any CPU
		{41BE352A-F673-1C34-EFCF-4B28FCAF8866}.Release|Any CPU.ActiveCfg = Release|Any CPU
		{41BE352A-F673-1C34-EFCF-4B28FCAF8866}.Release|Any CPU.Build.0 = Release|Any CPU
		{5E21953B-D949-CF96-6DA4-69027EEAAA5B}.Debug|Any CPU.ActiveCfg = Debug|Any CPU
		{5E21953B-D949-CF96-6DA4-69027EEAAA5B}.Debug|Any CPU.Build.0 = Debug|Any CPU
		{5E21953B-D949-CF96-6DA4-69027EEAAA5B}.Release|Any CPU.ActiveCfg = Release|Any CPU
		{5E21953B-D949-CF96-6DA4-69027EEAAA5B}.Release|Any CPU.Build.0 = Release|Any CPU
		{0999766A-5BC9-78F3-1344-578244FA31C1}.Debug|Any CPU.ActiveCfg = Debug|Any CPU
		{0999766A-5BC9-78F3-1344-578244FA31C1}.Debug|Any CPU.Build.0 = Debug|Any CPU
		{0999766A-5BC9-78F3-1344-578244FA31C1}.Release|Any CPU.ActiveCfg = Release|Any CPU
		{0999766A-5BC9-78F3-1344-578244FA31C1}.Release|Any CPU.Build.0 = Release|Any CPU
		{25783762-E304-414D-2A6A-998C8AC0DFB4}.Debug|Any CPU.ActiveCfg = Debug|Any CPU
		{25783762-E304-414D-2A6A-998C8AC0DFB4}.Debug|Any CPU.Build.0 = Debug|Any CPU
		{25783762-E304-414D-2A6A-998C8AC0DFB4}.Release|Any CPU.ActiveCfg = Release|Any CPU
		{25783762-E304-414D-2A6A-998C8AC0DFB4}.Release|Any CPU.Build.0 = Release|Any CPU
		{401CEBA5-BE20-1876-5565-460D7E3F4755}.Debug|Any CPU.ActiveCfg = Debug|Any CPU
		{401CEBA5-BE20-1876-5565-460D7E3F4755}.Debug|Any CPU.Build.0 = Debug|Any CPU
		{401CEBA5-BE20-1876-5565-460D7E3F4755}.Release|Any CPU.ActiveCfg = Release|Any CPU
		{401CEBA5-BE20-1876-5565-460D7E3F4755}.Release|Any CPU.Build.0 = Release|Any CPU
		{1394A259-8D30-995B-763D-841241368200}.Debug|Any CPU.ActiveCfg = Debug|Any CPU
		{1394A259-8D30-995B-763D-841241368200}.Debug|Any CPU.Build.0 = Debug|Any CPU
		{1394A259-8D30-995B-763D-841241368200}.Release|Any CPU.ActiveCfg = Release|Any CPU
		{1394A259-8D30-995B-763D-841241368200}.Release|Any CPU.Build.0 = Release|Any CPU
		{A3D747F5-F902-7720-80C8-91890AFE33B7}.Debug|Any CPU.ActiveCfg = Debug|Any CPU
		{A3D747F5-F902-7720-80C8-91890AFE33B7}.Debug|Any CPU.Build.0 = Debug|Any CPU
		{A3D747F5-F902-7720-80C8-91890AFE33B7}.Release|Any CPU.ActiveCfg = Release|Any CPU
		{A3D747F5-F902-7720-80C8-91890AFE33B7}.Release|Any CPU.Build.0 = Release|Any CPU
		{C0961AEF-DF79-F257-88E3-8A67FAF19CBE}.Debug|Any CPU.ActiveCfg = Debug|Any CPU
		{C0961AEF-DF79-F257-88E3-8A67FAF19CBE}.Debug|Any CPU.Build.0 = Debug|Any CPU
		{C0961AEF-DF79-F257-88E3-8A67FAF19CBE}.Release|Any CPU.ActiveCfg = Release|Any CPU
		{C0961AEF-DF79-F257-88E3-8A67FAF19CBE}.Release|Any CPU.Build.0 = Release|Any CPU
	EndGlobalSection
	GlobalSection(SolutionProperties) = preSolution
		HideSolutionNode = FALSE
	EndGlobalSection
EndGlobal
